
Microsoft Visual Studio Solution File, Format Version 12.00
# Visual Studio Version 17
VisualStudioVersion = 17.6.33829.357
MinimumVisualStudioVersion = 10.0.40219.1
Project("{FAE04EC0-301F-11D3-BF4B-00C04F79EFBC}") = "A_Notepad", "A_Notepad\A_Notepad.csproj", "{92F4E58F-D1B4-490F-B11C-BFD189571E2E}"
EndProject
Global
	GlobalSection(SolutionConfigurationPlatforms) = preSolution
		Debug|Any CPU = Debug|Any CPU
		Release|Any CPU = Release|Any CPU
	EndGlobalSection
	GlobalSection(ProjectConfigurationPlatforms) = postSolution
		{92F4E58F-D1B4-490F-B11C-BFD189571E2E}.Debug|Any CPU.ActiveCfg = Debug|Any CPU
		{92F4E58F-D1B4-490F-B11C-BFD189571E2E}.Debug|Any CPU.Build.0 = Debug|Any CPU
		{92F4E58F-D1B4-490F-B11C-BFD189571E2E}.Release|Any CPU.ActiveCfg = Release|Any CPU
		{92F4E58F-D1B4-490F-B11C-BFD189571E2E}.Release|Any CPU.Build.0 = Release|Any CPU
	EndGlobalSection
	GlobalSection(SolutionProperties) = preSolution
		HideSolutionNode = FALSE
	EndGlobalSection
	GlobalSection(ExtensibilityGlobals) = postSolution
		SolutionGuid = {AF040850-4C78-4C8E-BAFD-6A63B089944F}
	EndGlobalSection
EndGlobal
