
Microsoft Visual Studio Solution File, Format Version 12.00
# Visual Studio Version 17
VisualStudioVersion = 17.6.33829.357
MinimumVisualStudioVersion = 10.0.40219.1
Project("{FAE04EC0-301F-11D3-BF4B-00C04F79EFBC}") = "A_Timer", "A_Timer\A_Timer.csproj", "{F1D63A20-2899-4DBA-9904-40E9FB038358}"
EndProject
Project("{FAE04EC0-301F-11D3-BF4B-00C04F79EFBC}") = "B_Progress", "B_Progress\B_Progress.csproj", "{11C1A172-9396-4E76-9CF3-F3BB9980DECF}"
EndProject
Project("{FAE04EC0-301F-11D3-BF4B-00C04F79EFBC}") = "B_FontControl", "B_FontControl\B_FontControl.csproj", "{5DD35011-0FAD-4B53-A170-9B6F54BD1D96}"
EndProject
Global
	GlobalSection(SolutionConfigurationPlatforms) = preSolution
		Debug|Any CPU = Debug|Any CPU
		Release|Any CPU = Release|Any CPU
	EndGlobalSection
	GlobalSection(ProjectConfigurationPlatforms) = postSolution
		{F1D63A20-2899-4DBA-9904-40E9FB038358}.Debug|Any CPU.ActiveCfg = Debug|Any CPU
		{F1D63A20-2899-4DBA-9904-40E9FB038358}.Debug|Any CPU.Build.0 = Debug|Any CPU
		{F1D63A20-2899-4DBA-9904-40E9FB038358}.Release|Any CPU.ActiveCfg = Release|Any CPU
		{F1D63A20-2899-4DBA-9904-40E9FB038358}.Release|Any CPU.Build.0 = Release|Any CPU
		{11C1A172-9396-4E76-9CF3-F3BB9980DECF}.Debug|Any CPU.ActiveCfg = Debug|Any CPU
		{11C1A172-9396-4E76-9CF3-F3BB9980DECF}.Debug|Any CPU.Build.0 = Debug|Any CPU
		{11C1A172-9396-4E76-9CF3-F3BB9980DECF}.Release|Any CPU.ActiveCfg = Release|Any CPU
		{11C1A172-9396-4E76-9CF3-F3BB9980DECF}.Release|Any CPU.Build.0 = Release|Any CPU
		{5DD35011-0FAD-4B53-A170-9B6F54BD1D96}.Debug|Any CPU.ActiveCfg = Debug|Any CPU
		{5DD35011-0FAD-4B53-A170-9B6F54BD1D96}.Debug|Any CPU.Build.0 = Debug|Any CPU
		{5DD35011-0FAD-4B53-A170-9B6F54BD1D96}.Release|Any CPU.ActiveCfg = Release|Any CPU
		{5DD35011-0FAD-4B53-A170-9B6F54BD1D96}.Release|Any CPU.Build.0 = Release|Any CPU
	EndGlobalSection
	GlobalSection(SolutionProperties) = preSolution
		HideSolutionNode = FALSE
	EndGlobalSection
	GlobalSection(ExtensibilityGlobals) = postSolution
		SolutionGuid = {CE6ECFE7-4BB2-4756-A174-4C280D8056D4}
	EndGlobalSection
EndGlobal
